
Microsoft Visual Studio Solution File, Format Version 12.00
# Visual Studio Version 17
VisualStudioVersion = 17.0.31903.59
MinimumVisualStudioVersion = 10.0.40219.1
Project("{FAE04EC0-301F-11D3-BF4B-00C04F79EFBC}") = "Sandbox", "Sandbox\Sandbox.csproj", "{E8550FF5-BE0B-4914-AEB4-C7533E885A91}"
EndProject
Project("{FAE04EC0-301F-11D3-BF4B-00C04F79EFBC}") = "Engine", "Engine\Engine.csproj", "{A8E627FC-4815-46D5-8BB6-EE193F32D288}"
EndProject
Project("{2150E333-8FDC-42A3-9474-1A3956D46DE8}") = "Games", "Games", "{D4AB0724-B8C1-4E0F-9AB7-545106C88F86}"
EndProject
Project("{FAE04EC0-301F-11D3-BF4B-00C04F79EFBC}") = "Common", "Common\Common.csproj", "{11173360-8001-45A6-AB1E-FC6DFE1DB8F1}"
EndProject
Project("{FAE04EC0-301F-11D3-BF4B-00C04F79EFBC}") = "Editor", "Editor\Editor.csproj", "{B964FF61-B5D3-46A7-8467-9A9EB395CCC6}"
EndProject
Global
	GlobalSection(SolutionConfigurationPlatforms) = preSolution
		Debug|Any CPU = Debug|Any CPU
		Release|Any CPU = Release|Any CPU
	EndGlobalSection
	GlobalSection(SolutionProperties) = preSolution
		HideSolutionNode = FALSE
	EndGlobalSection
	GlobalSection(ProjectConfigurationPlatforms) = postSolution
		{E8550FF5-BE0B-4914-AEB4-C7533E885A91}.Debug|Any CPU.ActiveCfg = Debug|Any CPU
		{E8550FF5-BE0B-4914-AEB4-C7533E885A91}.Debug|Any CPU.Build.0 = Debug|Any CPU
		{E8550FF5-BE0B-4914-AEB4-C7533E885A91}.Release|Any CPU.ActiveCfg = Release|Any CPU
		{E8550FF5-BE0B-4914-AEB4-C7533E885A91}.Release|Any CPU.Build.0 = Release|Any CPU
		{A8E627FC-4815-46D5-8BB6-EE193F32D288}.Debug|Any CPU.ActiveCfg = Debug|Any CPU
		{A8E627FC-4815-46D5-8BB6-EE193F32D288}.Debug|Any CPU.Build.0 = Debug|Any CPU
		{A8E627FC-4815-46D5-8BB6-EE193F32D288}.Release|Any CPU.ActiveCfg = Release|Any CPU
		{A8E627FC-4815-46D5-8BB6-EE193F32D288}.Release|Any CPU.Build.0 = Release|Any CPU
		{11173360-8001-45A6-AB1E-FC6DFE1DB8F1}.Debug|Any CPU.ActiveCfg = Debug|Any CPU
		{11173360-8001-45A6-AB1E-FC6DFE1DB8F1}.Debug|Any CPU.Build.0 = Debug|Any CPU
		{11173360-8001-45A6-AB1E-FC6DFE1DB8F1}.Release|Any CPU.ActiveCfg = Release|Any CPU
		{11173360-8001-45A6-AB1E-FC6DFE1DB8F1}.Release|Any CPU.Build.0 = Release|Any CPU
		{B964FF61-B5D3-46A7-8467-9A9EB395CCC6}.Debug|Any CPU.ActiveCfg = Debug|Any CPU
		{B964FF61-B5D3-46A7-8467-9A9EB395CCC6}.Debug|Any CPU.Build.0 = Debug|Any CPU
		{B964FF61-B5D3-46A7-8467-9A9EB395CCC6}.Release|Any CPU.ActiveCfg = Release|Any CPU
		{B964FF61-B5D3-46A7-8467-9A9EB395CCC6}.Release|Any CPU.Build.0 = Release|Any CPU
	EndGlobalSection
	GlobalSection(NestedProjects) = preSolution
		{11173360-8001-45A6-AB1E-FC6DFE1DB8F1} = {D4AB0724-B8C1-4E0F-9AB7-545106C88F86}
	EndGlobalSection
EndGlobal
