
Microsoft Visual Studio Solution File, Format Version 12.00
# Visual Studio Version 17
VisualStudioVersion = 17.0.31903.59
MinimumVisualStudioVersion = 10.0.40219.1
Project("{FAE04EC0-301F-11D3-BF4B-00C04F79EFBC}") = "Sandbox", "Sandbox\Sandbox.csproj", "{E8550FF5-BE0B-4914-AEB4-C7533E885A91}"
EndProject
Project("{FAE04EC0-301F-11D3-BF4B-00C04F79EFBC}") = "Engine", "Engine\Engine.csproj", "{A8E627FC-4815-46D5-8BB6-EE193F32D288}"
EndProject
Project("{FAE04EC0-301F-11D3-BF4B-00C04F79EFBC}") = "Editor", "Editor\Editor.csproj", "{B964FF61-B5D3-46A7-8467-9A9EB395CCC6}"
EndProject
Project("{FAE04EC0-301F-11D3-BF4B-00C04F79EFBC}") = "ECS", "ECS\ECS.csproj", "{F54D6FA1-9938-4CBB-87BF-139CA184C16E}"
EndProject
Project("{FAE04EC0-301F-11D3-BF4B-00C04F79EFBC}") = "Runtime", "Runtime\Runtime.csproj", "{8B8D8D73-58E3-4EFE-B546-CE563A3EBAD3}"
EndProject
Project("{FAE04EC0-301F-11D3-BF4B-00C04F79EFBC}") = "Benchmark", "Benchmark\Benchmark.csproj", "{08F173A1-0123-4CCA-86F3-E22394B28788}"
EndProject
Project("{2150E333-8FDC-42A3-9474-1A3956D46DE8}") = "tests", "tests", "{D3DE13DC-6230-4996-96AF-31FF7884FA81}"
EndProject
Project("{FAE04EC0-301F-11D3-BF4B-00C04F79EFBC}") = "Engine.Tests", "tests\Engine.Tests\Engine.Tests.csproj", "{AB2B37AF-23D3-4F5A-A7B8-0703798A78CD}"
EndProject
Project("{FAE04EC0-301F-11D3-BF4B-00C04F79EFBC}") = "ECS.Tests", "tests\ECS.Tests\ECS.Tests.csproj", "{9EEB0790-EA1A-44E3-9829-86235D75AC77}"
EndProject
Global
	GlobalSection(SolutionConfigurationPlatforms) = preSolution
		Debug|Any CPU = Debug|Any CPU
		Debug|x64 = Debug|x64
		Debug|x86 = Debug|x86
		Release|Any CPU = Release|Any CPU
		Release|x64 = Release|x64
		Release|x86 = Release|x86
	EndGlobalSection
	GlobalSection(ProjectConfigurationPlatforms) = postSolution
		{E8550FF5-BE0B-4914-AEB4-C7533E885A91}.Debug|Any CPU.ActiveCfg = Debug|Any CPU
		{E8550FF5-BE0B-4914-AEB4-C7533E885A91}.Debug|Any CPU.Build.0 = Debug|Any CPU
		{E8550FF5-BE0B-4914-AEB4-C7533E885A91}.Debug|x64.ActiveCfg = Debug|Any CPU
		{E8550FF5-BE0B-4914-AEB4-C7533E885A91}.Debug|x64.Build.0 = Debug|Any CPU
		{E8550FF5-BE0B-4914-AEB4-C7533E885A91}.Debug|x86.ActiveCfg = Debug|Any CPU
		{E8550FF5-BE0B-4914-AEB4-C7533E885A91}.Debug|x86.Build.0 = Debug|Any CPU
		{E8550FF5-BE0B-4914-AEB4-C7533E885A91}.Release|Any CPU.ActiveCfg = Release|Any CPU
		{E8550FF5-BE0B-4914-AEB4-C7533E885A91}.Release|Any CPU.Build.0 = Release|Any CPU
		{E8550FF5-BE0B-4914-AEB4-C7533E885A91}.Release|x64.ActiveCfg = Release|Any CPU
		{E8550FF5-BE0B-4914-AEB4-C7533E885A91}.Release|x64.Build.0 = Release|Any CPU
		{E8550FF5-BE0B-4914-AEB4-C7533E885A91}.Release|x86.ActiveCfg = Release|Any CPU
		{E8550FF5-BE0B-4914-AEB4-C7533E885A91}.Release|x86.Build.0 = Release|Any CPU
		{A8E627FC-4815-46D5-8BB6-EE193F32D288}.Debug|Any CPU.ActiveCfg = Debug|Any CPU
		{A8E627FC-4815-46D5-8BB6-EE193F32D288}.Debug|Any CPU.Build.0 = Debug|Any CPU
		{A8E627FC-4815-46D5-8BB6-EE193F32D288}.Debug|x64.ActiveCfg = Debug|Any CPU
		{A8E627FC-4815-46D5-8BB6-EE193F32D288}.Debug|x64.Build.0 = Debug|Any CPU
		{A8E627FC-4815-46D5-8BB6-EE193F32D288}.Debug|x86.ActiveCfg = Debug|Any CPU
		{A8E627FC-4815-46D5-8BB6-EE193F32D288}.Debug|x86.Build.0 = Debug|Any CPU
		{A8E627FC-4815-46D5-8BB6-EE193F32D288}.Release|Any CPU.ActiveCfg = Release|Any CPU
		{A8E627FC-4815-46D5-8BB6-EE193F32D288}.Release|Any CPU.Build.0 = Release|Any CPU
		{A8E627FC-4815-46D5-8BB6-EE193F32D288}.Release|x64.ActiveCfg = Release|Any CPU
		{A8E627FC-4815-46D5-8BB6-EE193F32D288}.Release|x64.Build.0 = Release|Any CPU
		{A8E627FC-4815-46D5-8BB6-EE193F32D288}.Release|x86.ActiveCfg = Release|Any CPU
		{A8E627FC-4815-46D5-8BB6-EE193F32D288}.Release|x86.Build.0 = Release|Any CPU
		{B964FF61-B5D3-46A7-8467-9A9EB395CCC6}.Debug|Any CPU.ActiveCfg = Debug|Any CPU
		{B964FF61-B5D3-46A7-8467-9A9EB395CCC6}.Debug|Any CPU.Build.0 = Debug|Any CPU
		{B964FF61-B5D3-46A7-8467-9A9EB395CCC6}.Debug|x64.ActiveCfg = Debug|Any CPU
		{B964FF61-B5D3-46A7-8467-9A9EB395CCC6}.Debug|x64.Build.0 = Debug|Any CPU
		{B964FF61-B5D3-46A7-8467-9A9EB395CCC6}.Debug|x86.ActiveCfg = Debug|Any CPU
		{B964FF61-B5D3-46A7-8467-9A9EB395CCC6}.Debug|x86.Build.0 = Debug|Any CPU
		{B964FF61-B5D3-46A7-8467-9A9EB395CCC6}.Release|Any CPU.ActiveCfg = Release|Any CPU
		{B964FF61-B5D3-46A7-8467-9A9EB395CCC6}.Release|Any CPU.Build.0 = Release|Any CPU
		{B964FF61-B5D3-46A7-8467-9A9EB395CCC6}.Release|x64.ActiveCfg = Release|Any CPU
		{B964FF61-B5D3-46A7-8467-9A9EB395CCC6}.Release|x64.Build.0 = Release|Any CPU
		{B964FF61-B5D3-46A7-8467-9A9EB395CCC6}.Release|x86.ActiveCfg = Release|Any CPU
		{B964FF61-B5D3-46A7-8467-9A9EB395CCC6}.Release|x86.Build.0 = Release|Any CPU
		{F54D6FA1-9938-4CBB-87BF-139CA184C16E}.Debug|Any CPU.ActiveCfg = Debug|Any CPU
		{F54D6FA1-9938-4CBB-87BF-139CA184C16E}.Debug|Any CPU.Build.0 = Debug|Any CPU
		{F54D6FA1-9938-4CBB-87BF-139CA184C16E}.Debug|x64.ActiveCfg = Debug|Any CPU
		{F54D6FA1-9938-4CBB-87BF-139CA184C16E}.Debug|x64.Build.0 = Debug|Any CPU
		{F54D6FA1-9938-4CBB-87BF-139CA184C16E}.Debug|x86.ActiveCfg = Debug|Any CPU
		{F54D6FA1-9938-4CBB-87BF-139CA184C16E}.Debug|x86.Build.0 = Debug|Any CPU
		{F54D6FA1-9938-4CBB-87BF-139CA184C16E}.Release|Any CPU.ActiveCfg = Release|Any CPU
		{F54D6FA1-9938-4CBB-87BF-139CA184C16E}.Release|Any CPU.Build.0 = Release|Any CPU
		{F54D6FA1-9938-4CBB-87BF-139CA184C16E}.Release|x64.ActiveCfg = Release|Any CPU
		{F54D6FA1-9938-4CBB-87BF-139CA184C16E}.Release|x64.Build.0 = Release|Any CPU
		{F54D6FA1-9938-4CBB-87BF-139CA184C16E}.Release|x86.ActiveCfg = Release|Any CPU
		{F54D6FA1-9938-4CBB-87BF-139CA184C16E}.Release|x86.Build.0 = Release|Any CPU
		{8B8D8D73-58E3-4EFE-B546-CE563A3EBAD3}.Debug|Any CPU.ActiveCfg = Debug|Any CPU
		{8B8D8D73-58E3-4EFE-B546-CE563A3EBAD3}.Debug|Any CPU.Build.0 = Debug|Any CPU
		{8B8D8D73-58E3-4EFE-B546-CE563A3EBAD3}.Debug|x64.ActiveCfg = Debug|Any CPU
		{8B8D8D73-58E3-4EFE-B546-CE563A3EBAD3}.Debug|x64.Build.0 = Debug|Any CPU
		{8B8D8D73-58E3-4EFE-B546-CE563A3EBAD3}.Debug|x86.ActiveCfg = Debug|Any CPU
		{8B8D8D73-58E3-4EFE-B546-CE563A3EBAD3}.Debug|x86.Build.0 = Debug|Any CPU
		{8B8D8D73-58E3-4EFE-B546-CE563A3EBAD3}.Release|Any CPU.ActiveCfg = Release|Any CPU
		{8B8D8D73-58E3-4EFE-B546-CE563A3EBAD3}.Release|Any CPU.Build.0 = Release|Any CPU
		{8B8D8D73-58E3-4EFE-B546-CE563A3EBAD3}.Release|x64.ActiveCfg = Release|Any CPU
		{8B8D8D73-58E3-4EFE-B546-CE563A3EBAD3}.Release|x64.Build.0 = Release|Any CPU
		{8B8D8D73-58E3-4EFE-B546-CE563A3EBAD3}.Release|x86.ActiveCfg = Release|Any CPU
		{8B8D8D73-58E3-4EFE-B546-CE563A3EBAD3}.Release|x86.Build.0 = Release|Any CPU
		{08F173A1-0123-4CCA-86F3-E22394B28788}.Debug|Any CPU.ActiveCfg = Debug|Any CPU
		{08F173A1-0123-4CCA-86F3-E22394B28788}.Debug|Any CPU.Build.0 = Debug|Any CPU
		{08F173A1-0123-4CCA-86F3-E22394B28788}.Debug|x64.ActiveCfg = Debug|Any CPU
		{08F173A1-0123-4CCA-86F3-E22394B28788}.Debug|x64.Build.0 = Debug|Any CPU
		{08F173A1-0123-4CCA-86F3-E22394B28788}.Debug|x86.ActiveCfg = Debug|Any CPU
		{08F173A1-0123-4CCA-86F3-E22394B28788}.Debug|x86.Build.0 = Debug|Any CPU
		{08F173A1-0123-4CCA-86F3-E22394B28788}.Release|Any CPU.ActiveCfg = Release|Any CPU
		{08F173A1-0123-4CCA-86F3-E22394B28788}.Release|Any CPU.Build.0 = Release|Any CPU
		{08F173A1-0123-4CCA-86F3-E22394B28788}.Release|x64.ActiveCfg = Release|Any CPU
		{08F173A1-0123-4CCA-86F3-E22394B28788}.Release|x64.Build.0 = Release|Any CPU
		{08F173A1-0123-4CCA-86F3-E22394B28788}.Release|x86.ActiveCfg = Release|Any CPU
		{08F173A1-0123-4CCA-86F3-E22394B28788}.Release|x86.Build.0 = Release|Any CPU
		{AB2B37AF-23D3-4F5A-A7B8-0703798A78CD}.Debug|Any CPU.ActiveCfg = Debug|Any CPU
		{AB2B37AF-23D3-4F5A-A7B8-0703798A78CD}.Debug|Any CPU.Build.0 = Debug|Any CPU
		{AB2B37AF-23D3-4F5A-A7B8-0703798A78CD}.Debug|x64.ActiveCfg = Debug|Any CPU
		{AB2B37AF-23D3-4F5A-A7B8-0703798A78CD}.Debug|x64.Build.0 = Debug|Any CPU
		{AB2B37AF-23D3-4F5A-A7B8-0703798A78CD}.Debug|x86.ActiveCfg = Debug|Any CPU
		{AB2B37AF-23D3-4F5A-A7B8-0703798A78CD}.Debug|x86.Build.0 = Debug|Any CPU
		{AB2B37AF-23D3-4F5A-A7B8-0703798A78CD}.Release|Any CPU.ActiveCfg = Release|Any CPU
		{AB2B37AF-23D3-4F5A-A7B8-0703798A78CD}.Release|Any CPU.Build.0 = Release|Any CPU
		{AB2B37AF-23D3-4F5A-A7B8-0703798A78CD}.Release|x64.ActiveCfg = Release|Any CPU
		{AB2B37AF-23D3-4F5A-A7B8-0703798A78CD}.Release|x64.Build.0 = Release|Any CPU
		{AB2B37AF-23D3-4F5A-A7B8-0703798A78CD}.Release|x86.ActiveCfg = Release|Any CPU
		{AB2B37AF-23D3-4F5A-A7B8-0703798A78CD}.Release|x86.Build.0 = Release|Any CPU
		{9EEB0790-EA1A-44E3-9829-86235D75AC77}.Debug|Any CPU.ActiveCfg = Debug|Any CPU
		{9EEB0790-EA1A-44E3-9829-86235D75AC77}.Debug|Any CPU.Build.0 = Debug|Any CPU
		{9EEB0790-EA1A-44E3-9829-86235D75AC77}.Debug|x64.ActiveCfg = Debug|Any CPU
		{9EEB0790-EA1A-44E3-9829-86235D75AC77}.Debug|x64.Build.0 = Debug|Any CPU
		{9EEB0790-EA1A-44E3-9829-86235D75AC77}.Debug|x86.ActiveCfg = Debug|Any CPU
		{9EEB0790-EA1A-44E3-9829-86235D75AC77}.Debug|x86.Build.0 = Debug|Any CPU
		{9EEB0790-EA1A-44E3-9829-86235D75AC77}.Release|Any CPU.ActiveCfg = Release|Any CPU
		{9EEB0790-EA1A-44E3-9829-86235D75AC77}.Release|Any CPU.Build.0 = Release|Any CPU
		{9EEB0790-EA1A-44E3-9829-86235D75AC77}.Release|x64.ActiveCfg = Release|Any CPU
		{9EEB0790-EA1A-44E3-9829-86235D75AC77}.Release|x64.Build.0 = Release|Any CPU
		{9EEB0790-EA1A-44E3-9829-86235D75AC77}.Release|x86.ActiveCfg = Release|Any CPU
		{9EEB0790-EA1A-44E3-9829-86235D75AC77}.Release|x86.Build.0 = Release|Any CPU
	EndGlobalSection
	GlobalSection(SolutionProperties) = preSolution
		HideSolutionNode = FALSE
	EndGlobalSection
	GlobalSection(NestedProjects) = preSolution
		{AB2B37AF-23D3-4F5A-A7B8-0703798A78CD} = {D3DE13DC-6230-4996-96AF-31FF7884FA81}
		{9EEB0790-EA1A-44E3-9829-86235D75AC77} = {D3DE13DC-6230-4996-96AF-31FF7884FA81}
	EndGlobalSection
EndGlobal
